
Microsoft Visual Studio Solution File, Format Version 12.00
Project("{FAE04EC0-301F-11D3-BF4B-00C04F79EFBC}") = "MetroWindow", "MetroWindow\MetroWindow.csproj", "{669D7151-4123-4178-AF46-A0370816416E}"
EndProject
Project("{FAE04EC0-301F-11D3-BF4B-00C04F79EFBC}") = "Libs", "Libs\Libs.csproj", "{26A08ADC-9162-4AE3-A7D4-7C8C34C5CE3B}"
EndProject
Global
	GlobalSection(SolutionConfigurationPlatforms) = preSolution
		Debug|Any CPU = Debug|Any CPU
		Release|Any CPU = Release|Any CPU
	EndGlobalSection
	GlobalSection(ProjectConfigurationPlatforms) = postSolution
		{669D7151-4123-4178-AF46-A0370816416E}.Debug|Any CPU.ActiveCfg = Debug|Any CPU
		{669D7151-4123-4178-AF46-A0370816416E}.Debug|Any CPU.Build.0 = Debug|Any CPU
		{669D7151-4123-4178-AF46-A0370816416E}.Release|Any CPU.ActiveCfg = Release|Any CPU
		{669D7151-4123-4178-AF46-A0370816416E}.Release|Any CPU.Build.0 = Release|Any CPU
		{26A08ADC-9162-4AE3-A7D4-7C8C34C5CE3B}.Debug|Any CPU.ActiveCfg = Debug|Any CPU
		{26A08ADC-9162-4AE3-A7D4-7C8C34C5CE3B}.Debug|Any CPU.Build.0 = Debug|Any CPU
		{26A08ADC-9162-4AE3-A7D4-7C8C34C5CE3B}.Release|Any CPU.ActiveCfg = Release|Any CPU
		{26A08ADC-9162-4AE3-A7D4-7C8C34C5CE3B}.Release|Any CPU.Build.0 = Release|Any CPU
	EndGlobalSection
EndGlobal
